{
  "version": 4,
  "terraform_version": "0.12.5",
  "serial": 219,
  "lineage": "91d83caa-caa5-c473-53ac-d829f73d752e",
  "outputs": {
    "web_server_lb_name": {
      "value": "web-server-lb",
      "type": "string"
    }
  },
  "resources": [
    {
      "mode": "managed",
      "type": "aws_alb",
      "name": "web_server_lb",
      "provider": "provider.aws",
      "instances": [
        {
          "schema_version": 0,
          "attributes": {
            "access_logs": [
              {
                "bucket": "",
                "enabled": false,
                "prefix": ""
              }
            ],
            "arn": "arn:aws:elasticloadbalancing:eu-west-1:651390807906:loadbalancer/app/web-server-lb/9277865ef00cbdbc",
            "arn_suffix": "app/web-server-lb/9277865ef00cbdbc",
            "dns_name": "web-server-lb-154641087.eu-west-1.elb.amazonaws.com",
            "enable_cross_zone_load_balancing": null,
            "enable_deletion_protection": false,
            "enable_http2": true,
            "id": "arn:aws:elasticloadbalancing:eu-west-1:651390807906:loadbalancer/app/web-server-lb/9277865ef00cbdbc",
            "idle_timeout": 60,
            "internal": false,
            "ip_address_type": "ipv4",
            "load_balancer_type": "application",
            "name": "web-server-lb",
            "name_prefix": null,
            "security_groups": [
              "sg-07c3c371815e713fb"
            ],
            "subnet_mapping": [
              {
                "allocation_id": "",
                "subnet_id": "subnet-0a1541ec0318e4e36"
              },
              {
                "allocation_id": "",
                "subnet_id": "subnet-0f4a032a3a3a54d49"
              }
            ],
            "subnets": [
              "subnet-0a1541ec0318e4e36",
              "subnet-0f4a032a3a3a54d49"
            ],
            "tags": {},
            "timeouts": null,
            "vpc_id": "vpc-016e87bb26b43bb9b",
            "zone_id": "Z32O12XQLNTSW2"
          },
          "private": "eyJlMmJmYjczMC1lY2FhLTExZTYtOGY4OC0zNDM2M2JjN2M0YzAiOnsiY3JlYXRlIjo2MDAwMDAwMDAwMDAsImRlbGV0ZSI6NjAwMDAwMDAwMDAwLCJ1cGRhdGUiOjYwMDAwMDAwMDAwMH19",
          "depends_on": [
            "aws_security_group.web_srv_sg",
            "aws_subnet.web_srv_sn_1a",
            "aws_subnet.web_srv_sn_1b"
          ]
        }
      ]
    },
    {
      "mode": "managed",
      "type": "aws_alb_listener",
      "name": "web_srv_lb_listener",
      "provider": "provider.aws",
      "instances": [
        {
          "schema_version": 0,
          "attributes": {
            "arn": "arn:aws:elasticloadbalancing:eu-west-1:651390807906:listener/app/web-server-lb/9277865ef00cbdbc/caa832aa865c9555",
            "certificate_arn": "arn:aws:acm:eu-west-1:651390807906:certificate/b9776e07-05f3-47e3-a98c-5a701468ea29",
            "default_action": [
              {
                "authenticate_cognito": [],
                "authenticate_oidc": [],
                "fixed_response": [],
                "order": 1,
                "redirect": [],
                "target_group_arn": "arn:aws:elasticloadbalancing:eu-west-1:651390807906:targetgroup/web-srv-lb-tg/eb0ea6df0e386711",
                "type": "forward"
              }
            ],
            "id": "arn:aws:elasticloadbalancing:eu-west-1:651390807906:listener/app/web-server-lb/9277865ef00cbdbc/caa832aa865c9555",
            "load_balancer_arn": "arn:aws:elasticloadbalancing:eu-west-1:651390807906:loadbalancer/app/web-server-lb/9277865ef00cbdbc",
            "port": 443,
            "protocol": "HTTPS",
            "ssl_policy": "ELBSecurityPolicy-2016-08",
            "timeouts": null
          },
          "private": "eyJlMmJmYjczMC1lY2FhLTExZTYtOGY4OC0zNDM2M2JjN2M0YzAiOnsicmVhZCI6NjAwMDAwMDAwMDAwfX0=",
          "depends_on": [
            "aws_alb.web_server_lb",
            "aws_alb_target_group.web_srv_tg"
          ]
        }
      ]
    },
    {
      "mode": "managed",
      "type": "aws_alb_target_group",
      "name": "web_srv_tg",
      "provider": "provider.aws",
      "instances": [
        {
          "schema_version": 0,
          "attributes": {
            "arn": "arn:aws:elasticloadbalancing:eu-west-1:651390807906:targetgroup/web-srv-lb-tg/eb0ea6df0e386711",
            "arn_suffix": "targetgroup/web-srv-lb-tg/eb0ea6df0e386711",
            "deregistration_delay": 300,
            "health_check": [
              {
                "enabled": true,
                "healthy_threshold": 5,
                "interval": 30,
                "matcher": "200",
                "path": "/",
                "port": "traffic-port",
                "protocol": "HTTP",
                "timeout": 5,
                "unhealthy_threshold": 2
              }
            ],
            "id": "arn:aws:elasticloadbalancing:eu-west-1:651390807906:targetgroup/web-srv-lb-tg/eb0ea6df0e386711",
            "lambda_multi_value_headers_enabled": false,
            "name": "web-srv-lb-tg",
            "name_prefix": null,
            "port": 80,
            "protocol": "HTTP",
            "proxy_protocol_v2": false,
            "slow_start": 0,
            "stickiness": [
              {
                "cookie_duration": 86400,
                "enabled": false,
                "type": "lb_cookie"
              }
            ],
            "tags": {},
            "target_type": "instance",
            "vpc_id": "vpc-016e87bb26b43bb9b"
          },
          "private": "bnVsbA==",
          "depends_on": [
            "aws_vpc.web_srv_vpc"
          ]
        }
      ]
    },
    {
      "mode": "managed",
      "type": "aws_alb_target_group_attachment",
      "name": "web_srv_tg_target",
      "provider": "provider.aws",
      "instances": [
        {
          "schema_version": 0,
          "attributes": {
            "availability_zone": null,
            "id": "arn:aws:elasticloadbalancing:eu-west-1:651390807906:targetgroup/web-srv-lb-tg/eb0ea6df0e386711-20190726212628661500000001",
            "port": 80,
            "target_group_arn": "arn:aws:elasticloadbalancing:eu-west-1:651390807906:targetgroup/web-srv-lb-tg/eb0ea6df0e386711",
            "target_id": "i-01a9322a8b4304051"
          },
          "private": "bnVsbA==",
          "depends_on": [
            "aws_alb_target_group.web_srv_tg",
            "aws_instance.web_server"
          ]
        }
      ]
    },
    {
      "mode": "managed",
      "type": "aws_eip",
      "name": "web_server_ip",
      "provider": "provider.aws",
      "instances": [
        {
          "schema_version": 0,
          "attributes": {
            "allocation_id": null,
            "associate_with_private_ip": "10.0.0.10",
            "association_id": "eipassoc-0bb39dfcb766b980f",
            "domain": "vpc",
            "id": "eipalloc-0315568147afb29f4",
            "instance": "",
            "network_interface": "eni-0f1e253b174578363",
            "private_dns": "ip-10-0-0-10.eu-west-1.compute.internal",
            "private_ip": "10.0.0.10",
            "public_dns": "ec2-52-209-210-144.eu-west-1.compute.amazonaws.com",
            "public_ip": "52.209.210.144",
            "public_ipv4_pool": "amazon",
            "tags": {},
            "timeouts": null,
            "vpc": true
          },
          "private": "eyJlMmJmYjczMC1lY2FhLTExZTYtOGY4OC0zNDM2M2JjN2M0YzAiOnsiZGVsZXRlIjoxODAwMDAwMDAwMDAsInJlYWQiOjkwMDAwMDAwMDAwMCwidXBkYXRlIjozMDAwMDAwMDAwMDB9fQ==",
          "depends_on": [
            "aws_network_interface.web_server_subnet_interface"
          ]
        }
      ]
    },
    {
      "mode": "managed",
      "type": "aws_iam_instance_profile",
      "name": "ec_inst_prf",
      "provider": "provider.aws",
      "instances": [
        {
          "schema_version": 0,
          "attributes": {
            "arn": "arn:aws:iam::651390807906:instance-profile/ec2-instance-profile",
            "create_date": "2019-07-22T11:31:38Z",
            "id": "ec2-instance-profile",
            "name": "ec2-instance-profile",
            "name_prefix": null,
            "path": "/",
            "role": "ec-iam-role",
            "roles": [
              "ec-iam-role"
            ],
            "unique_id": "AIPAZPKPK55RHRPGGEVZ3"
          },
          "private": "bnVsbA==",
          "depends_on": [
            "aws_iam_role.ec_iam_role"
          ]
        }
      ]
    },
    {
      "mode": "managed",
      "type": "aws_iam_policy",
      "name": "av_role_plc",
      "provider": "provider.aws",
      "instances": [
        {
          "schema_version": 0,
          "attributes": {
            "arn": "arn:aws:iam::651390807906:policy/av-s3-plc",
            "description": "",
            "id": "arn:aws:iam::651390807906:policy/av-s3-plc",
            "name": "av-s3-plc",
            "name_prefix": null,
            "path": "/",
            "policy": "{\r\n    \"Version\": \"2012-10-17\",\r\n    \"Statement\": [\r\n        {\r\n            \"Action\": [\r\n                \"s3:Get*\",\r\n                \"s3:List*\"\r\n            ],\r\n            \"Effect\": \"Allow\",\r\n            \"Resource\": \"arn:aws:s3:::anw-appveyor/*\"\r\n        }\r\n    ]\r\n}"
          },
          "private": "bnVsbA=="
        }
      ]
    },
    {
      "mode": "managed",
      "type": "aws_iam_role",
      "name": "ec_iam_role",
      "provider": "provider.aws",
      "instances": [
        {
          "schema_version": 0,
          "attributes": {
            "arn": "arn:aws:iam::651390807906:role/ec-iam-role",
            "assume_role_policy": "{\"Version\":\"2012-10-17\",\"Statement\":[{\"Sid\":\"\",\"Effect\":\"Allow\",\"Principal\":{\"Service\":\"ec2.amazonaws.com\"},\"Action\":\"sts:AssumeRole\"}]}",
            "create_date": "2019-07-22T11:31:36Z",
            "description": "",
            "force_detach_policies": false,
            "id": "ec-iam-role",
            "max_session_duration": 3600,
            "name": "ec-iam-role",
            "name_prefix": null,
            "path": "/",
            "permissions_boundary": null,
            "tags": {},
            "unique_id": "AROAZPKPK55RG7LU3EYOS"
          },
          "private": "bnVsbA=="
        }
      ]
    },
    {
      "mode": "managed",
      "type": "aws_iam_role_policy",
      "name": "ec_role_plc",
      "provider": "provider.aws",
      "instances": [
        {
          "schema_version": 0,
          "attributes": {
            "id": "ec-iam-role:ec-role-plc",
            "name": "ec-role-plc",
            "name_prefix": null,
            "policy": "{\n    \"Version\": \"2012-10-17\",\n    \"Statement\": [\n        {\n            \"Action\": [\n                \"s3:Get*\",\n                \"s3:List*\"\n            ],\n            \"Effect\": \"Allow\",\n            \"Resource\": \"*\"\n        }\n    ]\n}",
            "role": "ec-iam-role"
          },
          "private": "bnVsbA==",
          "depends_on": [
            "aws_iam_role.ec_iam_role"
          ]
        }
      ]
    },
    {
      "mode": "managed",
      "type": "aws_instance",
      "name": "web_server",
      "provider": "provider.aws",
      "instances": [
        {
          "schema_version": 1,
          "attributes": {
            "ami": "ami-01b282b0f06ba5fd2",
            "arn": "arn:aws:ec2:eu-west-1:651390807906:instance/i-01a9322a8b4304051",
            "associate_public_ip_address": true,
            "availability_zone": "eu-west-1a",
            "cpu_core_count": 1,
            "cpu_threads_per_core": 1,
            "credit_specification": [
              {
                "cpu_credits": "standard"
              }
            ],
            "disable_api_termination": false,
            "ebs_block_device": [],
            "ebs_optimized": false,
            "ephemeral_block_device": [],
            "get_password_data": false,
            "host_id": null,
            "iam_instance_profile": "ec2-instance-profile",
            "id": "i-01a9322a8b4304051",
            "instance_initiated_shutdown_behavior": null,
            "instance_state": "running",
            "instance_type": "t2.micro",
            "ipv6_address_count": 0,
            "ipv6_addresses": [],
            "key_name": "aws-key-mac",
            "monitoring": false,
            "network_interface": [
              {
                "delete_on_termination": false,
                "device_index": 0,
                "network_interface_id": "eni-0f1e253b174578363"
              }
            ],
            "network_interface_id": null,
            "password_data": "",
            "placement_group": "",
            "primary_network_interface_id": "eni-0f1e253b174578363",
            "private_dns": "ip-10-0-0-10.eu-west-1.compute.internal",
            "private_ip": "10.0.0.10",
            "public_dns": "ec2-52-209-210-144.eu-west-1.compute.amazonaws.com",
            "public_ip": "52.209.210.144",
            "root_block_device": [
              {
                "delete_on_termination": true,
                "iops": 100,
                "volume_id": "vol-06984db1b8c6056ee",
                "volume_size": 8,
                "volume_type": "gp2"
              }
            ],
            "security_groups": [],
            "source_dest_check": true,
            "subnet_id": "subnet-0a1541ec0318e4e36",
            "tags": {
              "Name": "web-srv-inst"
            },
            "tenancy": "default",
            "timeouts": null,
            "user_data": "7450dad914f550cb43aab877bdefeb1f77759da4",
            "user_data_base64": null,
            "volume_tags": {},
            "vpc_security_group_ids": [
              "sg-07c3c371815e713fb"
            ]
          },
          "private": "eyJlMmJmYjczMC1lY2FhLTExZTYtOGY4OC0zNDM2M2JjN2M0YzAiOnsiY3JlYXRlIjo2MDAwMDAwMDAwMDAsImRlbGV0ZSI6MTIwMDAwMDAwMDAwMCwidXBkYXRlIjo2MDAwMDAwMDAwMDB9LCJzY2hlbWFfdmVyc2lvbiI6IjEifQ==",
          "depends_on": [
            "aws_iam_instance_profile.ec_inst_prf",
            "aws_network_interface.web_server_subnet_interface"
          ]
        }
      ]
    },
    {
      "mode": "managed",
      "type": "aws_internet_gateway",
      "name": "web_srv_gw",
      "provider": "provider.aws",
      "instances": [
        {
          "schema_version": 0,
          "attributes": {
            "id": "igw-079b1da666179b17b",
            "owner_id": "651390807906",
            "tags": {
              "Name": "web-srv-gw"
            },
            "vpc_id": "vpc-016e87bb26b43bb9b"
          },
          "private": "bnVsbA==",
          "depends_on": [
            "aws_vpc.web_srv_vpc"
          ]
        }
      ]
    },
    {
      "mode": "managed",
      "type": "aws_key_pair",
      "name": "home_key",
      "provider": "provider.aws",
      "instances": [
        {
          "schema_version": 1,
          "attributes": {
            "fingerprint": "a7:53:60:15:eb:1f:a3:ec:f4:4a:4b:36:75:4a:7d:14",
            "id": "home-key",
            "key_name": "home-key",
            "key_name_prefix": null,
            "public_key": "ssh-rsa AAAAB3NzaC1yc2EAAAADAQABAAABAQDhDZIk0ZGOtC6SOBo9W7OrNK6ASdxEZ0iEkcyF+Wa7SY40Bv+FDQcl6dxLmH8q3CiAPFCY+bTSvM/5LrmaiOO/dVbKOCKEGBrrnGC7CmJv3lgpfOMr9M5OfcvoXFMKjU2dE6Dl733sP+JXrwR9Np2lOU2gJYGdT0JMOVb/mg0XvFdqeqSX9dZvdXi8YvsiZfwBi5ZfRWGjakG0eteImAVDwph/pRA4E78Wc/NkYEIXOL5N1kMIrzO7Tq8ZdK5NpULQTq7PzCkgUiDvuN7aiOOkE+ZRzP4zkokhoAihUnqqDbCBr1hmSJ0xP55ULxS8Aya7/AzQn1fwxZFSGlrsGo3j zaers@soulkeeper"
          },
          "private": "eyJzY2hlbWFfdmVyc2lvbiI6IjEifQ=="
        }
      ]
    },
    {
      "mode": "managed",
      "type": "aws_main_route_table_association",
      "name": "web_srv_rtb_asc",
      "provider": "provider.aws",
      "instances": [
        {
          "schema_version": 0,
          "attributes": {
            "id": "rtbassoc-0a3f63dfbd76a5789",
            "original_route_table_id": "rtb-0c578a0c37b206a72",
            "route_table_id": "rtb-008cd159bba18603b",
            "vpc_id": "vpc-016e87bb26b43bb9b"
          },
          "private": "bnVsbA==",
          "depends_on": [
            "aws_route_table.web_srv_rtb",
            "aws_vpc.web_srv_vpc"
          ]
        }
      ]
    },
    {
      "mode": "managed",
      "type": "aws_network_interface",
      "name": "web_server_subnet_interface",
      "provider": "provider.aws",
      "instances": [
        {
          "schema_version": 0,
          "attributes": {
            "attachment": [],
            "description": "",
            "id": "eni-0f1e253b174578363",
            "private_dns_name": "ip-10-0-0-10.eu-west-1.compute.internal",
            "private_ip": "10.0.0.10",
            "private_ips": [
              "10.0.0.10"
            ],
            "private_ips_count": 0,
            "security_groups": [
              "sg-07c3c371815e713fb"
            ],
            "source_dest_check": true,
            "subnet_id": "subnet-0a1541ec0318e4e36",
            "tags": {}
          },
          "private": "bnVsbA==",
          "depends_on": [
            "aws_security_group.web_srv_sg",
            "aws_subnet.web_srv_sn_1a"
          ]
        }
      ]
    },
    {
      "mode": "managed",
      "type": "aws_route",
      "name": "web_srv_public",
      "provider": "provider.aws",
      "instances": [
        {
          "schema_version": 0,
          "attributes": {
            "destination_cidr_block": "0.0.0.0/0",
            "destination_ipv6_cidr_block": null,
            "destination_prefix_list_id": "",
            "egress_only_gateway_id": "",
            "gateway_id": "igw-079b1da666179b17b",
            "id": "r-rtb-008cd159bba18603b1080289494",
            "instance_id": "",
            "instance_owner_id": "",
            "nat_gateway_id": "",
            "network_interface_id": "",
            "origin": "CreateRoute",
            "route_table_id": "rtb-008cd159bba18603b",
            "state": "active",
            "timeouts": null,
            "transit_gateway_id": "",
            "vpc_peering_connection_id": ""
          },
          "private": "eyJlMmJmYjczMC1lY2FhLTExZTYtOGY4OC0zNDM2M2JjN2M0YzAiOnsiY3JlYXRlIjoxMjAwMDAwMDAwMDAsImRlbGV0ZSI6MzAwMDAwMDAwMDAwfX0=",
          "depends_on": [
            "aws_internet_gateway.web_srv_gw",
            "aws_route_table.web_srv_rtb"
          ]
        }
      ]
    },
    {
      "mode": "managed",
      "type": "aws_route_table",
      "name": "web_srv_rtb",
      "provider": "provider.aws",
      "instances": [
        {
          "schema_version": 0,
          "attributes": {
            "id": "rtb-008cd159bba18603b",
            "owner_id": "651390807906",
            "propagating_vgws": [],
            "route": [
              {
                "cidr_block": "0.0.0.0/0",
                "egress_only_gateway_id": "",
                "gateway_id": "igw-079b1da666179b17b",
                "instance_id": "",
                "ipv6_cidr_block": "",
                "nat_gateway_id": "",
                "network_interface_id": "",
                "transit_gateway_id": "",
                "vpc_peering_connection_id": ""
              }
            ],
            "tags": {
              "Name": "web-srv-rtb"
            },
            "vpc_id": "vpc-016e87bb26b43bb9b"
          },
          "private": "bnVsbA==",
          "depends_on": [
            "aws_vpc.web_srv_vpc"
          ]
        }
      ]
    },
    {
      "mode": "managed",
      "type": "aws_s3_bucket",
      "name": "av_bucket",
      "provider": "provider.aws",
      "instances": [
        {
          "schema_version": 0,
          "attributes": {
            "acceleration_status": "",
            "acl": "private",
            "arn": "arn:aws:s3:::anw-appveyor",
            "bucket": "anw-appveyor",
            "bucket_domain_name": "anw-appveyor.s3.amazonaws.com",
            "bucket_prefix": null,
            "bucket_regional_domain_name": "anw-appveyor.s3.eu-west-1.amazonaws.com",
            "cors_rule": [],
            "force_destroy": false,
            "hosted_zone_id": "Z1BKCTXD74EZPE",
            "id": "anw-appveyor",
            "lifecycle_rule": [],
            "logging": [],
            "object_lock_configuration": [],
            "policy": null,
            "region": "eu-west-1",
            "replication_configuration": [],
            "request_payer": "BucketOwner",
            "server_side_encryption_configuration": [],
            "tags": {
              "Name": "aleksnweb AppVeyor artifacts bucket"
            },
            "versioning": [
              {
                "enabled": false,
                "mfa_delete": false
              }
            ],
            "website": [],
            "website_domain": null,
            "website_endpoint": null
          },
          "private": "bnVsbA=="
        }
      ]
    },
    {
      "mode": "managed",
      "type": "aws_security_group",
      "name": "web_srv_sg",
      "provider": "provider.aws",
      "instances": [
        {
          "schema_version": 1,
          "attributes": {
            "arn": "arn:aws:ec2:eu-west-1:651390807906:security-group/sg-07c3c371815e713fb",
            "description": "Web Server Security Group",
            "egress": [
              {
                "cidr_blocks": [
                  "0.0.0.0/0"
                ],
                "description": "",
                "from_port": 0,
                "ipv6_cidr_blocks": [],
                "prefix_list_ids": [],
                "protocol": "-1",
                "security_groups": [],
                "self": false,
                "to_port": 0
              }
            ],
            "id": "sg-07c3c371815e713fb",
            "ingress": [
              {
                "cidr_blocks": [
                  "0.0.0.0/0"
                ],
                "description": "",
                "from_port": 22,
                "ipv6_cidr_blocks": [],
                "prefix_list_ids": [],
                "protocol": "tcp",
                "security_groups": [],
                "self": false,
                "to_port": 22
              },
              {
                "cidr_blocks": [
                  "0.0.0.0/0"
                ],
                "description": "",
                "from_port": 443,
                "ipv6_cidr_blocks": [],
                "prefix_list_ids": [],
                "protocol": "tcp",
                "security_groups": [],
                "self": false,
                "to_port": 443
              },
              {
                "cidr_blocks": [
                  "0.0.0.0/0"
                ],
                "description": "",
                "from_port": 80,
                "ipv6_cidr_blocks": [],
                "prefix_list_ids": [],
                "protocol": "tcp",
                "security_groups": [],
                "self": false,
                "to_port": 80
              }
            ],
            "name": "web-srv-sg",
            "name_prefix": null,
            "owner_id": "651390807906",
            "revoke_rules_on_delete": false,
            "tags": {
              "Name": "web-srv-sg"
            },
            "timeouts": null,
            "vpc_id": "vpc-016e87bb26b43bb9b"
          },
          "private": "eyJlMmJmYjczMC1lY2FhLTExZTYtOGY4OC0zNDM2M2JjN2M0YzAiOnsiY3JlYXRlIjo2MDAwMDAwMDAwMDAsImRlbGV0ZSI6NjAwMDAwMDAwMDAwfSwic2NoZW1hX3ZlcnNpb24iOiIxIn0=",
          "depends_on": [
            "aws_vpc.web_srv_vpc"
          ]
        }
      ]
    },
    {
      "mode": "managed",
      "type": "aws_security_group_rule",
      "name": "web_srv_inbound_http",
      "provider": "provider.aws",
      "instances": [
        {
          "schema_version": 2,
          "attributes": {
            "cidr_blocks": [
              "0.0.0.0/0"
            ],
            "description": "",
            "from_port": 80,
            "id": "sgrule-3265005997",
            "ipv6_cidr_blocks": [],
            "prefix_list_ids": [],
            "protocol": "tcp",
            "security_group_id": "sg-07c3c371815e713fb",
            "self": false,
            "source_security_group_id": null,
            "to_port": 80,
            "type": "ingress"
          },
          "private": "eyJzY2hlbWFfdmVyc2lvbiI6IjIifQ==",
          "depends_on": [
            "aws_security_group.web_srv_sg"
          ]
        }
      ]
    },
    {
      "mode": "managed",
      "type": "aws_security_group_rule",
      "name": "web_srv_inbound_https",
      "provider": "provider.aws",
      "instances": [
        {
          "schema_version": 2,
          "attributes": {
            "cidr_blocks": [
              "0.0.0.0/0"
            ],
            "description": "",
            "from_port": 443,
            "id": "sgrule-3294026350",
            "ipv6_cidr_blocks": [],
            "prefix_list_ids": [],
            "protocol": "tcp",
            "security_group_id": "sg-07c3c371815e713fb",
            "self": false,
            "source_security_group_id": null,
            "to_port": 443,
            "type": "ingress"
          },
          "private": "eyJzY2hlbWFfdmVyc2lvbiI6IjIifQ==",
          "depends_on": [
            "aws_security_group.web_srv_sg"
          ]
        }
      ]
    },
    {
      "mode": "managed",
      "type": "aws_security_group_rule",
      "name": "web_srv_inbound_ssh",
      "provider": "provider.aws",
      "instances": [
        {
          "schema_version": 2,
          "attributes": {
            "cidr_blocks": [
              "0.0.0.0/0"
            ],
            "description": "",
            "from_port": 22,
            "id": "sgrule-1947620376",
            "ipv6_cidr_blocks": [],
            "prefix_list_ids": [],
            "protocol": "tcp",
            "security_group_id": "sg-07c3c371815e713fb",
            "self": false,
            "source_security_group_id": null,
            "to_port": 22,
            "type": "ingress"
          },
          "private": "eyJzY2hlbWFfdmVyc2lvbiI6IjIifQ==",
          "depends_on": [
            "aws_security_group.web_srv_sg"
          ]
        }
      ]
    },
    {
      "mode": "managed",
      "type": "aws_security_group_rule",
      "name": "web_srv_outbound",
      "provider": "provider.aws",
      "instances": [
        {
          "schema_version": 2,
          "attributes": {
            "cidr_blocks": [
              "0.0.0.0/0"
            ],
            "description": "",
            "from_port": 0,
            "id": "sgrule-2019109308",
            "ipv6_cidr_blocks": [],
            "prefix_list_ids": [],
            "protocol": "-1",
            "security_group_id": "sg-07c3c371815e713fb",
            "self": false,
            "source_security_group_id": null,
            "to_port": 0,
            "type": "egress"
          },
          "private": "eyJzY2hlbWFfdmVyc2lvbiI6IjIifQ==",
          "depends_on": [
            "aws_security_group.web_srv_sg"
          ]
        }
      ]
    },
    {
      "mode": "managed",
      "type": "aws_subnet",
      "name": "web_srv_sn_1a",
      "provider": "provider.aws",
      "instances": [
        {
          "schema_version": 1,
          "attributes": {
            "arn": "arn:aws:ec2:eu-west-1:651390807906:subnet/subnet-0a1541ec0318e4e36",
            "assign_ipv6_address_on_creation": false,
            "availability_zone": "eu-west-1a",
            "availability_zone_id": "euw1-az1",
            "cidr_block": "10.0.0.0/18",
            "id": "subnet-0a1541ec0318e4e36",
            "ipv6_cidr_block": "",
            "ipv6_cidr_block_association_id": "",
            "map_public_ip_on_launch": false,
            "owner_id": "651390807906",
            "tags": {
              "Name": "web-srv-sn-a"
            },
            "timeouts": null,
            "vpc_id": "vpc-016e87bb26b43bb9b"
          },
          "private": "eyJlMmJmYjczMC1lY2FhLTExZTYtOGY4OC0zNDM2M2JjN2M0YzAiOnsiY3JlYXRlIjo2MDAwMDAwMDAwMDAsImRlbGV0ZSI6MTIwMDAwMDAwMDAwMH0sInNjaGVtYV92ZXJzaW9uIjoiMSJ9",
          "depends_on": [
            "aws_vpc.web_srv_vpc"
          ]
        }
      ]
    },
    {
      "mode": "managed",
      "type": "aws_subnet",
      "name": "web_srv_sn_1b",
      "provider": "provider.aws",
      "instances": [
        {
          "schema_version": 1,
          "attributes": {
            "arn": "arn:aws:ec2:eu-west-1:651390807906:subnet/subnet-0f4a032a3a3a54d49",
            "assign_ipv6_address_on_creation": false,
            "availability_zone": "eu-west-1b",
            "availability_zone_id": "euw1-az2",
            "cidr_block": "10.0.64.0/18",
            "id": "subnet-0f4a032a3a3a54d49",
            "ipv6_cidr_block": "",
            "ipv6_cidr_block_association_id": "",
            "map_public_ip_on_launch": false,
            "owner_id": "651390807906",
            "tags": {
              "Name": "web-srv-sn-b"
            },
            "timeouts": null,
            "vpc_id": "vpc-016e87bb26b43bb9b"
          },
          "private": "eyJlMmJmYjczMC1lY2FhLTExZTYtOGY4OC0zNDM2M2JjN2M0YzAiOnsiY3JlYXRlIjo2MDAwMDAwMDAwMDAsImRlbGV0ZSI6MTIwMDAwMDAwMDAwMH0sInNjaGVtYV92ZXJzaW9uIjoiMSJ9",
          "depends_on": [
            "aws_vpc.web_srv_vpc"
          ]
        }
      ]
    },
    {
      "mode": "managed",
      "type": "aws_vpc",
      "name": "web_srv_vpc",
      "provider": "provider.aws",
      "instances": [
        {
          "schema_version": 1,
          "attributes": {
            "arn": "arn:aws:ec2:eu-west-1:651390807906:vpc/vpc-016e87bb26b43bb9b",
            "assign_generated_ipv6_cidr_block": false,
            "cidr_block": "10.0.0.0/16",
            "default_network_acl_id": "acl-00bcb99500894b9a2",
            "default_route_table_id": "rtb-008cd159bba18603b",
            "default_security_group_id": "sg-0b2ba59a4ae89027f",
            "dhcp_options_id": "dopt-03d330d24e9d2bed9",
            "enable_classiclink": false,
            "enable_classiclink_dns_support": false,
            "enable_dns_hostnames": true,
            "enable_dns_support": true,
            "id": "vpc-016e87bb26b43bb9b",
            "instance_tenancy": "default",
            "ipv6_association_id": "",
            "ipv6_cidr_block": "",
            "main_route_table_id": "rtb-008cd159bba18603b",
            "owner_id": "651390807906",
            "tags": {
              "Name": "web-srv-vpc"
            }
          },
          "private": "eyJzY2hlbWFfdmVyc2lvbiI6IjEifQ=="
        }
      ]
    }
  ]
}
