{
  "version": 4,
  "terraform_version": "0.12.2",
  "serial": 13,
  "lineage": "cd9fc270-1d8e-ba78-bb20-183d784bab53",
  "outputs": {},
  "resources": [
    {
      "mode": "managed",
      "type": "aws_iam_access_key",
      "name": "cd_iam_acs_key",
      "provider": "provider.aws",
      "instances": [
        {
          "schema_version": 0,
          "attributes": {
            "encrypted_secret": null,
            "id": "AKIAZPKPK55REUR5CYJL",
            "key_fingerprint": null,
            "pgp_key": null,
            "secret": "ZjpQPTulznneWeFcAjNXtZVgHcZiFKJekU5iBB/3",
            "ses_smtp_password": "Ais5vrbzXLffLLjbh7N4su9/EUgu8XOmjq7udm5hHKCp",
            "status": "Active",
            "user": "code-deploy-user"
          },
          "private": "bnVsbA==",
          "depends_on": [
            "aws_iam_user.cd_iam_usr"
          ]
        }
      ]
    },
    {
      "mode": "managed",
      "type": "aws_iam_instance_profile",
      "name": "ec_inst_prf",
      "provider": "provider.aws",
      "instances": [
        {
          "schema_version": 0,
          "attributes": {
            "arn": "arn:aws:iam::651390807906:instance-profile/ec2-instance-profile",
            "create_date": "2019-06-23T14:45:00Z",
            "id": "ec2-instance-profile",
            "name": "ec2-instance-profile",
            "name_prefix": null,
            "path": "/",
            "role": "ec-iam-role",
            "roles": [
              "ec-iam-role"
            ],
            "unique_id": "AIPAZPKPK55RDBBE25WBV"
          },
          "private": "bnVsbA==",
          "depends_on": [
            "aws_iam_role.ec_iam_role"
          ]
        }
      ]
    },
    {
      "mode": "managed",
      "type": "aws_iam_role",
      "name": "cd_iam_svc_role",
      "provider": "provider.aws",
      "instances": [
        {
          "schema_version": 0,
          "attributes": {
            "arn": "arn:aws:iam::651390807906:role/iam-cd-service-role",
            "assume_role_policy": "{\"Version\":\"2012-10-17\",\"Statement\":[{\"Sid\":\"\",\"Effect\":\"Allow\",\"Principal\":{\"Service\":\"codedeploy.amazonaws.com\"},\"Action\":\"sts:AssumeRole\"}]}",
            "create_date": "2019-06-23T14:30:58Z",
            "description": "",
            "force_detach_policies": false,
            "id": "iam-cd-service-role",
            "max_session_duration": 3600,
            "name": "iam-cd-service-role",
            "name_prefix": null,
            "path": "/",
            "permissions_boundary": null,
            "tags": {},
            "unique_id": "AROAZPKPK55RK672ZIKAM"
          },
          "private": "bnVsbA=="
        }
      ]
    },
    {
      "mode": "managed",
      "type": "aws_iam_role",
      "name": "ec_iam_role",
      "provider": "provider.aws",
      "instances": [
        {
          "schema_version": 0,
          "attributes": {
            "arn": "arn:aws:iam::651390807906:role/ec-iam-role",
            "assume_role_policy": "{\"Version\":\"2012-10-17\",\"Statement\":[{\"Sid\":\"\",\"Effect\":\"Allow\",\"Principal\":{\"Service\":\"ec2.amazonaws.com\"},\"Action\":\"sts:AssumeRole\"}]}",
            "create_date": "2019-06-23T14:44:59Z",
            "description": "",
            "force_detach_policies": false,
            "id": "ec-iam-role",
            "max_session_duration": 3600,
            "name": "ec-iam-role",
            "name_prefix": null,
            "path": "/",
            "permissions_boundary": null,
            "tags": {},
            "unique_id": "AROAZPKPK55RE2RL5ZXQ3"
          },
          "private": "bnVsbA=="
        }
      ]
    },
    {
      "mode": "managed",
      "type": "aws_iam_role_policy",
      "name": "ec_role_plc",
      "provider": "provider.aws",
      "instances": [
        {
          "schema_version": 0,
          "attributes": {
            "id": "ec-iam-role:test_policy",
            "name": "test_policy",
            "name_prefix": null,
            "policy": "{\r\n    \"Version\": \"2012-10-17\",\r\n    \"Statement\": [\r\n        {\r\n            \"Action\": [\r\n                \"s3:Get*\",\r\n                \"s3:List*\"\r\n            ],\r\n            \"Effect\": \"Allow\",\r\n            \"Resource\": \"*\"\r\n        }\r\n    ]\r\n}",
            "role": "ec-iam-role"
          },
          "private": "bnVsbA==",
          "depends_on": [
            "aws_iam_role.ec_iam_role"
          ]
        }
      ]
    },
    {
      "mode": "managed",
      "type": "aws_iam_role_policy_attachment",
      "name": "cd_role_plc",
      "provider": "provider.aws",
      "instances": [
        {
          "schema_version": 0,
          "attributes": {
            "id": "iam-cd-service-role-20190623144529918200000001",
            "policy_arn": "arn:aws:iam::aws:policy/service-role/AWSCodeDeployRole",
            "role": "iam-cd-service-role"
          },
          "private": "bnVsbA==",
          "depends_on": [
            "aws_iam_role.cd_iam_svc_role"
          ]
        }
      ]
    },
    {
      "mode": "managed",
      "type": "aws_iam_user",
      "name": "cd_iam_usr",
      "provider": "provider.aws",
      "instances": [
        {
          "schema_version": 0,
          "attributes": {
            "arn": "arn:aws:iam::651390807906:user/code-deploy-user",
            "force_destroy": true,
            "id": "code-deploy-user",
            "name": "code-deploy-user",
            "path": "/",
            "permissions_boundary": null,
            "tags": {
              "Name": "cd-iam-usr"
            },
            "unique_id": "AIDAZPKPK55RPODOUZVB4"
          },
          "private": "bnVsbA=="
        }
      ]
    },
    {
      "mode": "managed",
      "type": "aws_iam_user_policy",
      "name": "cd_iam_usr_plc",
      "provider": "provider.aws",
      "instances": [
        {
          "schema_version": 0,
          "attributes": {
            "id": "code-deploy-user:code-deploy-user-policy",
            "name": "code-deploy-user-policy",
            "name_prefix": null,
            "policy": "{\r\n    \"Version\": \"2012-10-17\",\r\n    \"Statement\" : [\r\n      {\r\n        \"Effect\" : \"Allow\",\r\n        \"Action\" : [\r\n          \"autoscaling:*\",\r\n          \"codedeploy:*\",\r\n          \"ec2:*\",\r\n          \"lambda:*\",\r\n          \"ecs:*\",\r\n          \"elasticloadbalancing:*\",\r\n          \"iam:AddRoleToInstanceProfile\",\r\n          \"iam:CreateInstanceProfile\",\r\n          \"iam:CreateRole\",\r\n          \"iam:DeleteInstanceProfile\",\r\n          \"iam:DeleteRole\",\r\n          \"iam:DeleteRolePolicy\",\r\n          \"iam:GetInstanceProfile\",\r\n          \"iam:GetRole\",\r\n          \"iam:GetRolePolicy\",\r\n          \"iam:ListInstanceProfilesForRole\",\r\n          \"iam:ListRolePolicies\",\r\n          \"iam:ListRoles\",\r\n          \"iam:PassRole\",\r\n          \"iam:PutRolePolicy\",\r\n          \"iam:RemoveRoleFromInstanceProfile\", \r\n          \"s3:*\"\r\n        ],\r\n        \"Resource\" : \"*\"\r\n      }    \r\n    ]\r\n  }",
            "user": "code-deploy-user"
          },
          "private": "bnVsbA==",
          "depends_on": [
            "aws_iam_user.cd_iam_usr"
          ]
        }
      ]
    }
  ]
}
