{
  "version": 4,
  "terraform_version": "0.12.2",
  "serial": 28,
  "lineage": "cd9fc270-1d8e-ba78-bb20-183d784bab53",
  "outputs": {},
  "resources": [
    {
      "mode": "managed",
      "type": "aws_codedeploy_app",
      "name": "cd_web_srv_app",
      "provider": "provider.aws",
      "instances": [
        {
          "schema_version": 0,
          "attributes": {
            "compute_platform": "Server",
            "id": "e83db889-9d23-4b83-8b25-f0e2d18518f5:web-srv-cd-app",
            "name": "web-srv-cd-app",
            "unique_id": null
          },
          "private": "bnVsbA=="
        }
      ]
    },
    {
      "mode": "managed",
      "type": "aws_codedeploy_deployment_group",
      "name": "example",
      "provider": "provider.aws",
      "instances": [
        {
          "schema_version": 0,
          "attributes": {
            "alarm_configuration": [
              {
                "alarms": [
                  "web-srv-deploy-alarm"
                ],
                "enabled": true,
                "ignore_poll_alarm_failure": false
              }
            ],
            "app_name": "web-srv-cd-app",
            "auto_rollback_configuration": [
              {
                "enabled": true,
                "events": [
                  "DEPLOYMENT_FAILURE"
                ]
              }
            ],
            "autoscaling_groups": [],
            "blue_green_deployment_config": [],
            "deployment_config_name": "CodeDeployDefault.OneAtATime",
            "deployment_group_name": "web-srv-grp",
            "deployment_style": [
              {
                "deployment_option": "WITHOUT_TRAFFIC_CONTROL",
                "deployment_type": "IN_PLACE"
              }
            ],
            "ec2_tag_filter": [],
            "ec2_tag_set": [
              {
                "ec2_tag_filter": [
                  {
                    "key": "Name",
                    "type": "KEY_AND_VALUE",
                    "value": "web-srv-inst"
                  }
                ]
              }
            ],
            "ecs_service": [],
            "id": "9ea97294-b6e1-49eb-812b-983df4aab1c9",
            "load_balancer_info": [],
            "on_premises_instance_tag_filter": [],
            "service_role_arn": "arn:aws:iam::651390807906:role/iam-cd-service-role",
            "trigger_configuration": [
              {
                "trigger_events": [
                  "DeploymentFailure"
                ],
                "trigger_name": "web-srv-fail",
                "trigger_target_arn": "arn:aws:sns:eu-west-1:651390807906:web-srv-sns-tpc"
              }
            ]
          },
          "private": "bnVsbA==",
          "depends_on": [
            "aws_codedeploy_app.cd_web_srv_app",
            "aws_iam_role.cd_iam_svc_role",
            "aws_sns_topic.web-srv-cd-sns"
          ]
        }
      ]
    },
    {
      "mode": "managed",
      "type": "aws_iam_role",
      "name": "cd_iam_svc_role",
      "provider": "provider.aws",
      "instances": [
        {
          "schema_version": 0,
          "attributes": {
            "arn": "arn:aws:iam::651390807906:role/iam-cd-service-role",
            "assume_role_policy": "{\"Version\":\"2012-10-17\",\"Statement\":[{\"Sid\":\"\",\"Effect\":\"Allow\",\"Principal\":{\"Service\":\"codedeploy.amazonaws.com\"},\"Action\":\"sts:AssumeRole\"}]}",
            "create_date": "2019-06-23T15:13:15Z",
            "description": "",
            "force_detach_policies": false,
            "id": "iam-cd-service-role",
            "max_session_duration": 3600,
            "name": "iam-cd-service-role",
            "name_prefix": null,
            "path": "/",
            "permissions_boundary": null,
            "tags": {},
            "unique_id": "AROAZPKPK55RLZWZ2FYE3"
          },
          "private": "bnVsbA=="
        }
      ]
    },
    {
      "mode": "managed",
      "type": "aws_iam_role_policy_attachment",
      "name": "cd_role_plc",
      "provider": "provider.aws",
      "instances": [
        {
          "schema_version": 0,
          "attributes": {
            "id": "iam-cd-service-role-20190623151315455500000001",
            "policy_arn": "arn:aws:iam::aws:policy/service-role/AWSCodeDeployRole",
            "role": "iam-cd-service-role"
          },
          "private": "bnVsbA==",
          "depends_on": [
            "aws_iam_role.cd_iam_svc_role"
          ]
        }
      ]
    },
    {
      "mode": "managed",
      "type": "aws_iam_user",
      "name": "cd_iam_usr",
      "provider": "provider.aws",
      "instances": [
        {
          "schema_version": 0,
          "attributes": {
            "arn": "arn:aws:iam::651390807906:user/code-deploy-user",
            "force_destroy": true,
            "id": "code-deploy-user",
            "name": "code-deploy-user",
            "path": "/",
            "permissions_boundary": null,
            "tags": {
              "Name": "cd-iam-usr"
            },
            "unique_id": "AIDAZPKPK55RB2I3HFH73"
          },
          "private": "bnVsbA=="
        }
      ]
    },
    {
      "mode": "managed",
      "type": "aws_iam_user_policy",
      "name": "cd_iam_usr_plc",
      "provider": "provider.aws",
      "instances": [
        {
          "schema_version": 0,
          "attributes": {
            "id": "code-deploy-user:code-deploy-user-policy",
            "name": "code-deploy-user-policy",
            "name_prefix": null,
            "policy": "{\r\n    \"Version\": \"2012-10-17\",\r\n    \"Statement\" : [\r\n      {\r\n        \"Effect\" : \"Allow\",\r\n        \"Action\" : [\r\n          \"autoscaling:*\",\r\n          \"codedeploy:*\",\r\n          \"ec2:*\",\r\n          \"lambda:*\",\r\n          \"ecs:*\",\r\n          \"elasticloadbalancing:*\",\r\n          \"iam:AddRoleToInstanceProfile\",\r\n          \"iam:CreateInstanceProfile\",\r\n          \"iam:CreateRole\",\r\n          \"iam:DeleteInstanceProfile\",\r\n          \"iam:DeleteRole\",\r\n          \"iam:DeleteRolePolicy\",\r\n          \"iam:GetInstanceProfile\",\r\n          \"iam:GetRole\",\r\n          \"iam:GetRolePolicy\",\r\n          \"iam:ListInstanceProfilesForRole\",\r\n          \"iam:ListRolePolicies\",\r\n          \"iam:ListRoles\",\r\n          \"iam:PassRole\",\r\n          \"iam:PutRolePolicy\",\r\n          \"iam:RemoveRoleFromInstanceProfile\", \r\n          \"s3:*\"\r\n        ],\r\n        \"Resource\" : \"*\"\r\n      }    \r\n    ]\r\n  }",
            "user": "code-deploy-user"
          },
          "private": "bnVsbA==",
          "depends_on": [
            "aws_iam_user.cd_iam_usr"
          ]
        }
      ]
    },
    {
      "mode": "managed",
      "type": "aws_sns_topic",
      "name": "web-srv-cd-sns",
      "provider": "provider.aws",
      "instances": [
        {
          "schema_version": 0,
          "attributes": {
            "application_failure_feedback_role_arn": "",
            "application_success_feedback_role_arn": "",
            "application_success_feedback_sample_rate": 0,
            "arn": "arn:aws:sns:eu-west-1:651390807906:web-srv-sns-tpc",
            "delivery_policy": "",
            "display_name": "",
            "http_failure_feedback_role_arn": "",
            "http_success_feedback_role_arn": "",
            "http_success_feedback_sample_rate": 0,
            "id": "arn:aws:sns:eu-west-1:651390807906:web-srv-sns-tpc",
            "kms_master_key_id": "",
            "lambda_failure_feedback_role_arn": "",
            "lambda_success_feedback_role_arn": "",
            "lambda_success_feedback_sample_rate": 0,
            "name": "web-srv-sns-tpc",
            "name_prefix": null,
            "policy": "{\"Version\":\"2008-10-17\",\"Id\":\"__default_policy_ID\",\"Statement\":[{\"Sid\":\"__default_statement_ID\",\"Effect\":\"Allow\",\"Principal\":{\"AWS\":\"*\"},\"Action\":[\"SNS:GetTopicAttributes\",\"SNS:SetTopicAttributes\",\"SNS:AddPermission\",\"SNS:RemovePermission\",\"SNS:DeleteTopic\",\"SNS:Subscribe\",\"SNS:ListSubscriptionsByTopic\",\"SNS:Publish\",\"SNS:Receive\"],\"Resource\":\"arn:aws:sns:eu-west-1:651390807906:web-srv-sns-tpc\",\"Condition\":{\"StringEquals\":{\"AWS:SourceOwner\":\"651390807906\"}}}]}",
            "sqs_failure_feedback_role_arn": "",
            "sqs_success_feedback_role_arn": "",
            "sqs_success_feedback_sample_rate": 0,
            "tags": {}
          },
          "private": "bnVsbA=="
        }
      ]
    }
  ]
}
